
Microsoft Visual Studio Solution File, Format Version 12.00
# Visual Studio Version 16
VisualStudioVersion = 16.0.29009.5
MinimumVisualStudioVersion = 10.0.40219.1
Project("{9A19103F-16F7-4668-BE54-9A1E7A4F7556}") = "TestProject.Core", "TestProject.Core\TestProject.Core.csproj", "{14E2F76C-3E0A-45BA-A18C-EA6CCA174451}"
EndProject
Project("{FAE04EC0-301F-11D3-BF4B-00C04F79EFBC}") = "TestProject.iOS", "TestProject.iOS\TestProject.iOS.csproj", "{B0D3F3BC-834A-41C5-AEF1-081E827B7600}"
EndProject
Project("{FAE04EC0-301F-11D3-BF4B-00C04F79EFBC}") = "TestProject.Droid", "TestProject.Droid\TestProject.Droid.csproj", "{D384321C-B2C3-402F-86A2-FED21EEA4792}"
EndProject
Project("{9A19103F-16F7-4668-BE54-9A1E7A4F7556}") = "TestProject.Services", "TestProject.Services\TestProject.Services.csproj", "{3EE4AD2C-44C3-43B6-986D-513F8FE25D88}"
EndProject
Project("{9A19103F-16F7-4668-BE54-9A1E7A4F7556}") = "TestProject.Resources", "TestProject.Resources\TestProject.Resources.csproj", "{5FE8DD55-88D5-4091-B1AF-06294B995B2D}"
EndProject
Project("{9A19103F-16F7-4668-BE54-9A1E7A4F7556}") = "TestProject.Configurations", "TestProject.Configurations\TestProject.Configurations.csproj", "{8FFCC028-D0C9-49CB-A1AB-B67BA8EBB93B}"
EndProject
Project("{2150E333-8FDC-42A3-9474-1A3956D46DE8}") = "Traditional", "Traditional", "{20D7E161-CA9B-449D-965C-96104F10BD65}"
EndProject
Project("{2150E333-8FDC-42A3-9474-1A3956D46DE8}") = "Forms", "Forms", "{DCC78941-B88B-4987-88B3-E84C5676DC72}"
EndProject
Project("{9A19103F-16F7-4668-BE54-9A1E7A4F7556}") = "TestProject.Forms.UI", "TestProject.Forms\TestProject.Forms.UI\TestProject.Forms.UI.csproj", "{1735EC33-6BE5-41FA-BA2D-16DDB3125CF8}"
EndProject
Project("{FAE04EC0-301F-11D3-BF4B-00C04F79EFBC}") = "TestProject.Forms.Droid", "TestProject.Forms\TestProject.Forms.Droid\TestProject.Forms.Droid.csproj", "{2220295C-EE1C-46A0-AD2D-E8BA25A50A3A}"
EndProject
Project("{9A19103F-16F7-4668-BE54-9A1E7A4F7556}") = "TestProject.ApiModels", "TestProject.ApiModels\TestProject.ApiModels.csproj", "{2BB064F0-B9EA-4F58-9713-C604FCB3DAE9}"
EndProject
Global
	GlobalSection(SolutionConfigurationPlatforms) = preSolution
		Debug|Any CPU = Debug|Any CPU
		Debug|iPhone = Debug|iPhone
		Debug|iPhoneSimulator = Debug|iPhoneSimulator
		Release|Any CPU = Release|Any CPU
		Release|iPhone = Release|iPhone
		Release|iPhoneSimulator = Release|iPhoneSimulator
	EndGlobalSection
	GlobalSection(ProjectConfigurationPlatforms) = postSolution
		{14E2F76C-3E0A-45BA-A18C-EA6CCA174451}.Debug|Any CPU.ActiveCfg = Debug|Any CPU
		{14E2F76C-3E0A-45BA-A18C-EA6CCA174451}.Debug|Any CPU.Build.0 = Debug|Any CPU
		{14E2F76C-3E0A-45BA-A18C-EA6CCA174451}.Debug|iPhone.ActiveCfg = Debug|Any CPU
		{14E2F76C-3E0A-45BA-A18C-EA6CCA174451}.Debug|iPhone.Build.0 = Debug|Any CPU
		{14E2F76C-3E0A-45BA-A18C-EA6CCA174451}.Debug|iPhoneSimulator.ActiveCfg = Debug|Any CPU
		{14E2F76C-3E0A-45BA-A18C-EA6CCA174451}.Debug|iPhoneSimulator.Build.0 = Debug|Any CPU
		{14E2F76C-3E0A-45BA-A18C-EA6CCA174451}.Release|Any CPU.ActiveCfg = Release|Any CPU
		{14E2F76C-3E0A-45BA-A18C-EA6CCA174451}.Release|Any CPU.Build.0 = Release|Any CPU
		{14E2F76C-3E0A-45BA-A18C-EA6CCA174451}.Release|iPhone.ActiveCfg = Release|Any CPU
		{14E2F76C-3E0A-45BA-A18C-EA6CCA174451}.Release|iPhone.Build.0 = Release|Any CPU
		{14E2F76C-3E0A-45BA-A18C-EA6CCA174451}.Release|iPhoneSimulator.ActiveCfg = Release|Any CPU
		{14E2F76C-3E0A-45BA-A18C-EA6CCA174451}.Release|iPhoneSimulator.Build.0 = Release|Any CPU
		{B0D3F3BC-834A-41C5-AEF1-081E827B7600}.Debug|Any CPU.ActiveCfg = Debug|iPhone
		{B0D3F3BC-834A-41C5-AEF1-081E827B7600}.Debug|iPhone.ActiveCfg = Debug|iPhone
		{B0D3F3BC-834A-41C5-AEF1-081E827B7600}.Debug|iPhone.Build.0 = Debug|iPhone
		{B0D3F3BC-834A-41C5-AEF1-081E827B7600}.Debug|iPhoneSimulator.ActiveCfg = Debug|iPhoneSimulator
		{B0D3F3BC-834A-41C5-AEF1-081E827B7600}.Debug|iPhoneSimulator.Build.0 = Debug|iPhoneSimulator
		{B0D3F3BC-834A-41C5-AEF1-081E827B7600}.Release|Any CPU.ActiveCfg = Release|iPhone
		{B0D3F3BC-834A-41C5-AEF1-081E827B7600}.Release|iPhone.ActiveCfg = Release|iPhone
		{B0D3F3BC-834A-41C5-AEF1-081E827B7600}.Release|iPhone.Build.0 = Release|iPhone
		{B0D3F3BC-834A-41C5-AEF1-081E827B7600}.Release|iPhoneSimulator.ActiveCfg = Release|iPhoneSimulator
		{B0D3F3BC-834A-41C5-AEF1-081E827B7600}.Release|iPhoneSimulator.Build.0 = Release|iPhoneSimulator
		{D384321C-B2C3-402F-86A2-FED21EEA4792}.Debug|Any CPU.ActiveCfg = Debug|Any CPU
		{D384321C-B2C3-402F-86A2-FED21EEA4792}.Debug|Any CPU.Build.0 = Debug|Any CPU
		{D384321C-B2C3-402F-86A2-FED21EEA4792}.Debug|Any CPU.Deploy.0 = Debug|Any CPU
		{D384321C-B2C3-402F-86A2-FED21EEA4792}.Debug|iPhone.ActiveCfg = Debug|Any CPU
		{D384321C-B2C3-402F-86A2-FED21EEA4792}.Debug|iPhone.Build.0 = Debug|Any CPU
		{D384321C-B2C3-402F-86A2-FED21EEA4792}.Debug|iPhone.Deploy.0 = Debug|Any CPU
		{D384321C-B2C3-402F-86A2-FED21EEA4792}.Debug|iPhoneSimulator.ActiveCfg = Debug|Any CPU
		{D384321C-B2C3-402F-86A2-FED21EEA4792}.Debug|iPhoneSimulator.Build.0 = Debug|Any CPU
		{D384321C-B2C3-402F-86A2-FED21EEA4792}.Debug|iPhoneSimulator.Deploy.0 = Debug|Any CPU
		{D384321C-B2C3-402F-86A2-FED21EEA4792}.Release|Any CPU.ActiveCfg = Release|Any CPU
		{D384321C-B2C3-402F-86A2-FED21EEA4792}.Release|Any CPU.Build.0 = Release|Any CPU
		{D384321C-B2C3-402F-86A2-FED21EEA4792}.Release|Any CPU.Deploy.0 = Release|Any CPU
		{D384321C-B2C3-402F-86A2-FED21EEA4792}.Release|iPhone.ActiveCfg = Release|Any CPU
		{D384321C-B2C3-402F-86A2-FED21EEA4792}.Release|iPhone.Build.0 = Release|Any CPU
		{D384321C-B2C3-402F-86A2-FED21EEA4792}.Release|iPhone.Deploy.0 = Release|Any CPU
		{D384321C-B2C3-402F-86A2-FED21EEA4792}.Release|iPhoneSimulator.ActiveCfg = Release|Any CPU
		{D384321C-B2C3-402F-86A2-FED21EEA4792}.Release|iPhoneSimulator.Build.0 = Release|Any CPU
		{D384321C-B2C3-402F-86A2-FED21EEA4792}.Release|iPhoneSimulator.Deploy.0 = Release|Any CPU
		{3EE4AD2C-44C3-43B6-986D-513F8FE25D88}.Debug|Any CPU.ActiveCfg = Debug|Any CPU
		{3EE4AD2C-44C3-43B6-986D-513F8FE25D88}.Debug|Any CPU.Build.0 = Debug|Any CPU
		{3EE4AD2C-44C3-43B6-986D-513F8FE25D88}.Debug|iPhone.ActiveCfg = Debug|Any CPU
		{3EE4AD2C-44C3-43B6-986D-513F8FE25D88}.Debug|iPhone.Build.0 = Debug|Any CPU
		{3EE4AD2C-44C3-43B6-986D-513F8FE25D88}.Debug|iPhoneSimulator.ActiveCfg = Debug|Any CPU
		{3EE4AD2C-44C3-43B6-986D-513F8FE25D88}.Debug|iPhoneSimulator.Build.0 = Debug|Any CPU
		{3EE4AD2C-44C3-43B6-986D-513F8FE25D88}.Release|Any CPU.ActiveCfg = Release|Any CPU
		{3EE4AD2C-44C3-43B6-986D-513F8FE25D88}.Release|Any CPU.Build.0 = Release|Any CPU
		{3EE4AD2C-44C3-43B6-986D-513F8FE25D88}.Release|iPhone.ActiveCfg = Release|Any CPU
		{3EE4AD2C-44C3-43B6-986D-513F8FE25D88}.Release|iPhone.Build.0 = Release|Any CPU
		{3EE4AD2C-44C3-43B6-986D-513F8FE25D88}.Release|iPhoneSimulator.ActiveCfg = Release|Any CPU
		{3EE4AD2C-44C3-43B6-986D-513F8FE25D88}.Release|iPhoneSimulator.Build.0 = Release|Any CPU
		{5FE8DD55-88D5-4091-B1AF-06294B995B2D}.Debug|Any CPU.ActiveCfg = Debug|Any CPU
		{5FE8DD55-88D5-4091-B1AF-06294B995B2D}.Debug|Any CPU.Build.0 = Debug|Any CPU
		{5FE8DD55-88D5-4091-B1AF-06294B995B2D}.Debug|iPhone.ActiveCfg = Debug|Any CPU
		{5FE8DD55-88D5-4091-B1AF-06294B995B2D}.Debug|iPhone.Build.0 = Debug|Any CPU
		{5FE8DD55-88D5-4091-B1AF-06294B995B2D}.Debug|iPhoneSimulator.ActiveCfg = Debug|Any CPU
		{5FE8DD55-88D5-4091-B1AF-06294B995B2D}.Debug|iPhoneSimulator.Build.0 = Debug|Any CPU
		{5FE8DD55-88D5-4091-B1AF-06294B995B2D}.Release|Any CPU.ActiveCfg = Release|Any CPU
		{5FE8DD55-88D5-4091-B1AF-06294B995B2D}.Release|Any CPU.Build.0 = Release|Any CPU
		{5FE8DD55-88D5-4091-B1AF-06294B995B2D}.Release|iPhone.ActiveCfg = Release|Any CPU
		{5FE8DD55-88D5-4091-B1AF-06294B995B2D}.Release|iPhone.Build.0 = Release|Any CPU
		{5FE8DD55-88D5-4091-B1AF-06294B995B2D}.Release|iPhoneSimulator.ActiveCfg = Release|Any CPU
		{5FE8DD55-88D5-4091-B1AF-06294B995B2D}.Release|iPhoneSimulator.Build.0 = Release|Any CPU
		{8FFCC028-D0C9-49CB-A1AB-B67BA8EBB93B}.Debug|Any CPU.ActiveCfg = Debug|Any CPU
		{8FFCC028-D0C9-49CB-A1AB-B67BA8EBB93B}.Debug|Any CPU.Build.0 = Debug|Any CPU
		{8FFCC028-D0C9-49CB-A1AB-B67BA8EBB93B}.Debug|iPhone.ActiveCfg = Debug|Any CPU
		{8FFCC028-D0C9-49CB-A1AB-B67BA8EBB93B}.Debug|iPhone.Build.0 = Debug|Any CPU
		{8FFCC028-D0C9-49CB-A1AB-B67BA8EBB93B}.Debug|iPhoneSimulator.ActiveCfg = Debug|Any CPU
		{8FFCC028-D0C9-49CB-A1AB-B67BA8EBB93B}.Debug|iPhoneSimulator.Build.0 = Debug|Any CPU
		{8FFCC028-D0C9-49CB-A1AB-B67BA8EBB93B}.Release|Any CPU.ActiveCfg = Release|Any CPU
		{8FFCC028-D0C9-49CB-A1AB-B67BA8EBB93B}.Release|Any CPU.Build.0 = Release|Any CPU
		{8FFCC028-D0C9-49CB-A1AB-B67BA8EBB93B}.Release|iPhone.ActiveCfg = Release|Any CPU
		{8FFCC028-D0C9-49CB-A1AB-B67BA8EBB93B}.Release|iPhone.Build.0 = Release|Any CPU
		{8FFCC028-D0C9-49CB-A1AB-B67BA8EBB93B}.Release|iPhoneSimulator.ActiveCfg = Release|Any CPU
		{8FFCC028-D0C9-49CB-A1AB-B67BA8EBB93B}.Release|iPhoneSimulator.Build.0 = Release|Any CPU
		{1735EC33-6BE5-41FA-BA2D-16DDB3125CF8}.Debug|Any CPU.ActiveCfg = Debug|Any CPU
		{1735EC33-6BE5-41FA-BA2D-16DDB3125CF8}.Debug|Any CPU.Build.0 = Debug|Any CPU
		{1735EC33-6BE5-41FA-BA2D-16DDB3125CF8}.Debug|iPhone.ActiveCfg = Debug|Any CPU
		{1735EC33-6BE5-41FA-BA2D-16DDB3125CF8}.Debug|iPhone.Build.0 = Debug|Any CPU
		{1735EC33-6BE5-41FA-BA2D-16DDB3125CF8}.Debug|iPhoneSimulator.ActiveCfg = Debug|Any CPU
		{1735EC33-6BE5-41FA-BA2D-16DDB3125CF8}.Debug|iPhoneSimulator.Build.0 = Debug|Any CPU
		{1735EC33-6BE5-41FA-BA2D-16DDB3125CF8}.Release|Any CPU.ActiveCfg = Release|Any CPU
		{1735EC33-6BE5-41FA-BA2D-16DDB3125CF8}.Release|Any CPU.Build.0 = Release|Any CPU
		{1735EC33-6BE5-41FA-BA2D-16DDB3125CF8}.Release|iPhone.ActiveCfg = Release|Any CPU
		{1735EC33-6BE5-41FA-BA2D-16DDB3125CF8}.Release|iPhone.Build.0 = Release|Any CPU
		{1735EC33-6BE5-41FA-BA2D-16DDB3125CF8}.Release|iPhoneSimulator.ActiveCfg = Release|Any CPU
		{1735EC33-6BE5-41FA-BA2D-16DDB3125CF8}.Release|iPhoneSimulator.Build.0 = Release|Any CPU
		{2220295C-EE1C-46A0-AD2D-E8BA25A50A3A}.Debug|Any CPU.ActiveCfg = Debug|Any CPU
		{2220295C-EE1C-46A0-AD2D-E8BA25A50A3A}.Debug|Any CPU.Build.0 = Debug|Any CPU
		{2220295C-EE1C-46A0-AD2D-E8BA25A50A3A}.Debug|Any CPU.Deploy.0 = Debug|Any CPU
		{2220295C-EE1C-46A0-AD2D-E8BA25A50A3A}.Debug|iPhone.ActiveCfg = Debug|Any CPU
		{2220295C-EE1C-46A0-AD2D-E8BA25A50A3A}.Debug|iPhone.Build.0 = Debug|Any CPU
		{2220295C-EE1C-46A0-AD2D-E8BA25A50A3A}.Debug|iPhone.Deploy.0 = Debug|Any CPU
		{2220295C-EE1C-46A0-AD2D-E8BA25A50A3A}.Debug|iPhoneSimulator.ActiveCfg = Debug|Any CPU
		{2220295C-EE1C-46A0-AD2D-E8BA25A50A3A}.Debug|iPhoneSimulator.Build.0 = Debug|Any CPU
		{2220295C-EE1C-46A0-AD2D-E8BA25A50A3A}.Debug|iPhoneSimulator.Deploy.0 = Debug|Any CPU
		{2220295C-EE1C-46A0-AD2D-E8BA25A50A3A}.Release|Any CPU.ActiveCfg = Release|Any CPU
		{2220295C-EE1C-46A0-AD2D-E8BA25A50A3A}.Release|Any CPU.Build.0 = Release|Any CPU
		{2220295C-EE1C-46A0-AD2D-E8BA25A50A3A}.Release|Any CPU.Deploy.0 = Release|Any CPU
		{2220295C-EE1C-46A0-AD2D-E8BA25A50A3A}.Release|iPhone.ActiveCfg = Release|Any CPU
		{2220295C-EE1C-46A0-AD2D-E8BA25A50A3A}.Release|iPhone.Build.0 = Release|Any CPU
		{2220295C-EE1C-46A0-AD2D-E8BA25A50A3A}.Release|iPhone.Deploy.0 = Release|Any CPU
		{2220295C-EE1C-46A0-AD2D-E8BA25A50A3A}.Release|iPhoneSimulator.ActiveCfg = Release|Any CPU
		{2220295C-EE1C-46A0-AD2D-E8BA25A50A3A}.Release|iPhoneSimulator.Build.0 = Release|Any CPU
		{2220295C-EE1C-46A0-AD2D-E8BA25A50A3A}.Release|iPhoneSimulator.Deploy.0 = Release|Any CPU
		{2BB064F0-B9EA-4F58-9713-C604FCB3DAE9}.Debug|Any CPU.ActiveCfg = Debug|Any CPU
		{2BB064F0-B9EA-4F58-9713-C604FCB3DAE9}.Debug|Any CPU.Build.0 = Debug|Any CPU
		{2BB064F0-B9EA-4F58-9713-C604FCB3DAE9}.Debug|iPhone.ActiveCfg = Debug|Any CPU
		{2BB064F0-B9EA-4F58-9713-C604FCB3DAE9}.Debug|iPhone.Build.0 = Debug|Any CPU
		{2BB064F0-B9EA-4F58-9713-C604FCB3DAE9}.Debug|iPhoneSimulator.ActiveCfg = Debug|Any CPU
		{2BB064F0-B9EA-4F58-9713-C604FCB3DAE9}.Debug|iPhoneSimulator.Build.0 = Debug|Any CPU
		{2BB064F0-B9EA-4F58-9713-C604FCB3DAE9}.Release|Any CPU.ActiveCfg = Release|Any CPU
		{2BB064F0-B9EA-4F58-9713-C604FCB3DAE9}.Release|Any CPU.Build.0 = Release|Any CPU
		{2BB064F0-B9EA-4F58-9713-C604FCB3DAE9}.Release|iPhone.ActiveCfg = Release|Any CPU
		{2BB064F0-B9EA-4F58-9713-C604FCB3DAE9}.Release|iPhone.Build.0 = Release|Any CPU
		{2BB064F0-B9EA-4F58-9713-C604FCB3DAE9}.Release|iPhoneSimulator.ActiveCfg = Release|Any CPU
		{2BB064F0-B9EA-4F58-9713-C604FCB3DAE9}.Release|iPhoneSimulator.Build.0 = Release|Any CPU
	EndGlobalSection
	GlobalSection(SolutionProperties) = preSolution
		HideSolutionNode = FALSE
	EndGlobalSection
	GlobalSection(NestedProjects) = preSolution
		{B0D3F3BC-834A-41C5-AEF1-081E827B7600} = {20D7E161-CA9B-449D-965C-96104F10BD65}
		{D384321C-B2C3-402F-86A2-FED21EEA4792} = {20D7E161-CA9B-449D-965C-96104F10BD65}
		{1735EC33-6BE5-41FA-BA2D-16DDB3125CF8} = {DCC78941-B88B-4987-88B3-E84C5676DC72}
		{2220295C-EE1C-46A0-AD2D-E8BA25A50A3A} = {DCC78941-B88B-4987-88B3-E84C5676DC72}
	EndGlobalSection
	GlobalSection(ExtensibilityGlobals) = postSolution
		SolutionGuid = {161765CD-65C0-4902-8C52-4439849ED50F}
	EndGlobalSection
EndGlobal
