
Microsoft Visual Studio Solution File, Format Version 12.00
# Visual Studio Version 16
VisualStudioVersion = 16.0.29306.81
MinimumVisualStudioVersion = 10.0.40219.1
Project("{9A19103F-16F7-4668-BE54-9A1E7A4F7556}") = "TestProject.API", "TestProject.API\TestProject.API.csproj", "{EC29F014-C065-488B-9F8B-AE63512782F3}"
EndProject
Project("{2150E333-8FDC-42A3-9474-1A3956D46DE8}") = "DAL", "DAL", "{C3369F91-D03A-48E3-9B71-3AAFED4513D0}"
EndProject
Project("{2150E333-8FDC-42A3-9474-1A3956D46DE8}") = "BLL", "BLL", "{14F092A2-ACDB-4B74-8285-7233E3F86620}"
EndProject
Project("{9A19103F-16F7-4668-BE54-9A1E7A4F7556}") = "Entities", "Entities\Entities.csproj", "{EA01144A-06AA-40F2-A860-66F8C4A72872}"
EndProject
Project("{9A19103F-16F7-4668-BE54-9A1E7A4F7556}") = "DataAccess", "DataAccess\DataAccess.csproj", "{FBF06699-7D60-4C2D-A851-AC0A45FF2105}"
EndProject
Project("{9A19103F-16F7-4668-BE54-9A1E7A4F7556}") = "Services", "Services\Services.csproj", "{B3E147DC-794A-4474-BD6D-DDBEB3B9F5B0}"
EndProject
Project("{2150E333-8FDC-42A3-9474-1A3956D46DE8}") = "Shared", "Shared", "{8A8ED004-6914-497D-9AD2-797E8EA6279A}"
EndProject
Project("{9A19103F-16F7-4668-BE54-9A1E7A4F7556}") = "ViewModels", "ViewModels\ViewModels.csproj", "{5B8C38A5-7F0A-40D4-8C23-C5E0662F8014}"
EndProject
Project("{9A19103F-16F7-4668-BE54-9A1E7A4F7556}") = "Constants", "Constants\Constants.csproj", "{911FC815-5B25-4245-8A07-8FE5FC9AE026}"
EndProject
Project("{FAE04EC0-301F-11D3-BF4B-00C04F79EFBC}") = "Configurations", "Configurations\Configurations.csproj", "{8E7D1EDC-C6F0-4748-BF45-614E777F8360}"
EndProject
Global
	GlobalSection(SolutionConfigurationPlatforms) = preSolution
		Debug|Any CPU = Debug|Any CPU
		Release|Any CPU = Release|Any CPU
	EndGlobalSection
	GlobalSection(ProjectConfigurationPlatforms) = postSolution
		{EC29F014-C065-488B-9F8B-AE63512782F3}.Debug|Any CPU.ActiveCfg = Debug|Any CPU
		{EC29F014-C065-488B-9F8B-AE63512782F3}.Debug|Any CPU.Build.0 = Debug|Any CPU
		{EC29F014-C065-488B-9F8B-AE63512782F3}.Release|Any CPU.ActiveCfg = Release|Any CPU
		{EC29F014-C065-488B-9F8B-AE63512782F3}.Release|Any CPU.Build.0 = Release|Any CPU
		{EA01144A-06AA-40F2-A860-66F8C4A72872}.Debug|Any CPU.ActiveCfg = Debug|Any CPU
		{EA01144A-06AA-40F2-A860-66F8C4A72872}.Debug|Any CPU.Build.0 = Debug|Any CPU
		{EA01144A-06AA-40F2-A860-66F8C4A72872}.Release|Any CPU.ActiveCfg = Release|Any CPU
		{EA01144A-06AA-40F2-A860-66F8C4A72872}.Release|Any CPU.Build.0 = Release|Any CPU
		{FBF06699-7D60-4C2D-A851-AC0A45FF2105}.Debug|Any CPU.ActiveCfg = Debug|Any CPU
		{FBF06699-7D60-4C2D-A851-AC0A45FF2105}.Debug|Any CPU.Build.0 = Debug|Any CPU
		{FBF06699-7D60-4C2D-A851-AC0A45FF2105}.Release|Any CPU.ActiveCfg = Release|Any CPU
		{FBF06699-7D60-4C2D-A851-AC0A45FF2105}.Release|Any CPU.Build.0 = Release|Any CPU
		{B3E147DC-794A-4474-BD6D-DDBEB3B9F5B0}.Debug|Any CPU.ActiveCfg = Debug|Any CPU
		{B3E147DC-794A-4474-BD6D-DDBEB3B9F5B0}.Debug|Any CPU.Build.0 = Debug|Any CPU
		{B3E147DC-794A-4474-BD6D-DDBEB3B9F5B0}.Release|Any CPU.ActiveCfg = Release|Any CPU
		{B3E147DC-794A-4474-BD6D-DDBEB3B9F5B0}.Release|Any CPU.Build.0 = Release|Any CPU
		{5B8C38A5-7F0A-40D4-8C23-C5E0662F8014}.Debug|Any CPU.ActiveCfg = Debug|Any CPU
		{5B8C38A5-7F0A-40D4-8C23-C5E0662F8014}.Debug|Any CPU.Build.0 = Debug|Any CPU
		{5B8C38A5-7F0A-40D4-8C23-C5E0662F8014}.Release|Any CPU.ActiveCfg = Release|Any CPU
		{5B8C38A5-7F0A-40D4-8C23-C5E0662F8014}.Release|Any CPU.Build.0 = Release|Any CPU
		{911FC815-5B25-4245-8A07-8FE5FC9AE026}.Debug|Any CPU.ActiveCfg = Debug|Any CPU
		{911FC815-5B25-4245-8A07-8FE5FC9AE026}.Debug|Any CPU.Build.0 = Debug|Any CPU
		{911FC815-5B25-4245-8A07-8FE5FC9AE026}.Release|Any CPU.ActiveCfg = Release|Any CPU
		{911FC815-5B25-4245-8A07-8FE5FC9AE026}.Release|Any CPU.Build.0 = Release|Any CPU
		{8E7D1EDC-C6F0-4748-BF45-614E777F8360}.Debug|Any CPU.ActiveCfg = Debug|Any CPU
		{8E7D1EDC-C6F0-4748-BF45-614E777F8360}.Debug|Any CPU.Build.0 = Debug|Any CPU
		{8E7D1EDC-C6F0-4748-BF45-614E777F8360}.Release|Any CPU.ActiveCfg = Release|Any CPU
		{8E7D1EDC-C6F0-4748-BF45-614E777F8360}.Release|Any CPU.Build.0 = Release|Any CPU
	EndGlobalSection
	GlobalSection(SolutionProperties) = preSolution
		HideSolutionNode = FALSE
	EndGlobalSection
	GlobalSection(NestedProjects) = preSolution
		{EA01144A-06AA-40F2-A860-66F8C4A72872} = {C3369F91-D03A-48E3-9B71-3AAFED4513D0}
		{FBF06699-7D60-4C2D-A851-AC0A45FF2105} = {C3369F91-D03A-48E3-9B71-3AAFED4513D0}
		{B3E147DC-794A-4474-BD6D-DDBEB3B9F5B0} = {14F092A2-ACDB-4B74-8285-7233E3F86620}
		{5B8C38A5-7F0A-40D4-8C23-C5E0662F8014} = {8A8ED004-6914-497D-9AD2-797E8EA6279A}
		{911FC815-5B25-4245-8A07-8FE5FC9AE026} = {8A8ED004-6914-497D-9AD2-797E8EA6279A}
		{8E7D1EDC-C6F0-4748-BF45-614E777F8360} = {8A8ED004-6914-497D-9AD2-797E8EA6279A}
	EndGlobalSection
	GlobalSection(ExtensibilityGlobals) = postSolution
		SolutionGuid = {EBEE3248-894E-4E3B-8F5C-DAE413099B70}
	EndGlobalSection
EndGlobal
