
Microsoft Visual Studio Solution File, Format Version 12.00
# Visual Studio Version 16
VisualStudioVersion = 16.0.29009.5
MinimumVisualStudioVersion = 10.0.40219.1
Project("{FAE04EC0-301F-11D3-BF4B-00C04F79EFBC}") = "TestProject.Core", "TestProject.Core\TestProject.Core.csproj", "{14E2F76C-3E0A-45BA-A18C-EA6CCA174451}"
EndProject
Project("{FAE04EC0-301F-11D3-BF4B-00C04F79EFBC}") = "TestProject.Droid", "TestProject.Droid\TestProject.Droid.csproj", "{D384321C-B2C3-402F-86A2-FED21EEA4792}"
EndProject
Project("{FAE04EC0-301F-11D3-BF4B-00C04F79EFBC}") = "TestProject.iOS", "TestProject.iOS\TestProject.iOS.csproj", "{B0D3F3BC-834A-41C5-AEF1-081E827B7600}"
EndProject
Global
	GlobalSection(SolutionConfigurationPlatforms) = preSolution
		Debug|Any CPU = Debug|Any CPU
		Debug|iPhone = Debug|iPhone
		Debug|iPhoneSimulator = Debug|iPhoneSimulator
		Release|Any CPU = Release|Any CPU
		Release|iPhone = Release|iPhone
		Release|iPhoneSimulator = Release|iPhoneSimulator
	EndGlobalSection
	GlobalSection(ProjectConfigurationPlatforms) = postSolution
		{14E2F76C-3E0A-45BA-A18C-EA6CCA174451}.Debug|Any CPU.ActiveCfg = Debug|Any CPU
		{14E2F76C-3E0A-45BA-A18C-EA6CCA174451}.Debug|Any CPU.Build.0 = Debug|Any CPU
		{14E2F76C-3E0A-45BA-A18C-EA6CCA174451}.Debug|iPhone.ActiveCfg = Debug|Any CPU
		{14E2F76C-3E0A-45BA-A18C-EA6CCA174451}.Debug|iPhone.Build.0 = Debug|Any CPU
		{14E2F76C-3E0A-45BA-A18C-EA6CCA174451}.Debug|iPhoneSimulator.ActiveCfg = Debug|Any CPU
		{14E2F76C-3E0A-45BA-A18C-EA6CCA174451}.Debug|iPhoneSimulator.Build.0 = Debug|Any CPU
		{14E2F76C-3E0A-45BA-A18C-EA6CCA174451}.Release|Any CPU.ActiveCfg = Release|Any CPU
		{14E2F76C-3E0A-45BA-A18C-EA6CCA174451}.Release|Any CPU.Build.0 = Release|Any CPU
		{14E2F76C-3E0A-45BA-A18C-EA6CCA174451}.Release|iPhone.ActiveCfg = Release|Any CPU
		{14E2F76C-3E0A-45BA-A18C-EA6CCA174451}.Release|iPhone.Build.0 = Release|Any CPU
		{14E2F76C-3E0A-45BA-A18C-EA6CCA174451}.Release|iPhoneSimulator.ActiveCfg = Release|Any CPU
		{14E2F76C-3E0A-45BA-A18C-EA6CCA174451}.Release|iPhoneSimulator.Build.0 = Release|Any CPU
		{D384321C-B2C3-402F-86A2-FED21EEA4792}.Debug|Any CPU.ActiveCfg = Debug|Any CPU
		{D384321C-B2C3-402F-86A2-FED21EEA4792}.Debug|Any CPU.Build.0 = Debug|Any CPU
		{D384321C-B2C3-402F-86A2-FED21EEA4792}.Debug|Any CPU.Deploy.0 = Debug|Any CPU
		{D384321C-B2C3-402F-86A2-FED21EEA4792}.Debug|iPhone.ActiveCfg = Debug|Any CPU
		{D384321C-B2C3-402F-86A2-FED21EEA4792}.Debug|iPhone.Build.0 = Debug|Any CPU
		{D384321C-B2C3-402F-86A2-FED21EEA4792}.Debug|iPhone.Deploy.0 = Debug|Any CPU
		{D384321C-B2C3-402F-86A2-FED21EEA4792}.Debug|iPhoneSimulator.ActiveCfg = Debug|Any CPU
		{D384321C-B2C3-402F-86A2-FED21EEA4792}.Debug|iPhoneSimulator.Build.0 = Debug|Any CPU
		{D384321C-B2C3-402F-86A2-FED21EEA4792}.Debug|iPhoneSimulator.Deploy.0 = Debug|Any CPU
		{D384321C-B2C3-402F-86A2-FED21EEA4792}.Release|Any CPU.ActiveCfg = Release|Any CPU
		{D384321C-B2C3-402F-86A2-FED21EEA4792}.Release|Any CPU.Build.0 = Release|Any CPU
		{D384321C-B2C3-402F-86A2-FED21EEA4792}.Release|Any CPU.Deploy.0 = Release|Any CPU
		{D384321C-B2C3-402F-86A2-FED21EEA4792}.Release|iPhone.ActiveCfg = Release|Any CPU
		{D384321C-B2C3-402F-86A2-FED21EEA4792}.Release|iPhone.Build.0 = Release|Any CPU
		{D384321C-B2C3-402F-86A2-FED21EEA4792}.Release|iPhone.Deploy.0 = Release|Any CPU
		{D384321C-B2C3-402F-86A2-FED21EEA4792}.Release|iPhoneSimulator.ActiveCfg = Release|Any CPU
		{D384321C-B2C3-402F-86A2-FED21EEA4792}.Release|iPhoneSimulator.Build.0 = Release|Any CPU
		{D384321C-B2C3-402F-86A2-FED21EEA4792}.Release|iPhoneSimulator.Deploy.0 = Release|Any CPU
		{B0D3F3BC-834A-41C5-AEF1-081E827B7600}.Debug|Any CPU.ActiveCfg = Debug|iPhone
		{B0D3F3BC-834A-41C5-AEF1-081E827B7600}.Debug|iPhone.ActiveCfg = Debug|iPhone
		{B0D3F3BC-834A-41C5-AEF1-081E827B7600}.Debug|iPhone.Build.0 = Debug|iPhone
		{B0D3F3BC-834A-41C5-AEF1-081E827B7600}.Debug|iPhoneSimulator.ActiveCfg = Debug|iPhoneSimulator
		{B0D3F3BC-834A-41C5-AEF1-081E827B7600}.Debug|iPhoneSimulator.Build.0 = Debug|iPhoneSimulator
		{B0D3F3BC-834A-41C5-AEF1-081E827B7600}.Release|Any CPU.ActiveCfg = Release|iPhone
		{B0D3F3BC-834A-41C5-AEF1-081E827B7600}.Release|iPhone.ActiveCfg = Release|iPhone
		{B0D3F3BC-834A-41C5-AEF1-081E827B7600}.Release|iPhone.Build.0 = Release|iPhone
		{B0D3F3BC-834A-41C5-AEF1-081E827B7600}.Release|iPhoneSimulator.ActiveCfg = Release|iPhoneSimulator
		{B0D3F3BC-834A-41C5-AEF1-081E827B7600}.Release|iPhoneSimulator.Build.0 = Release|iPhoneSimulator
	EndGlobalSection
	GlobalSection(SolutionProperties) = preSolution
		HideSolutionNode = FALSE
	EndGlobalSection
	GlobalSection(ExtensibilityGlobals) = postSolution
		SolutionGuid = {161765CD-65C0-4902-8C52-4439849ED50F}
	EndGlobalSection
EndGlobal
